// !$*UTF8*$!
{
	archiveVersion = 1;
	classes = {
	};
	objectVersion = 56;
	objects = {

/* Begin PBXBuildFile section */
		6B0455F12989582200849B99 /* MarvelService in Frameworks */ = {isa = PBXBuildFile; productRef = 6B0455F02989582200849B99 /* MarvelService */; };
		6B1388F22983023200960F52 /* AppView.swift in Sources */ = {isa = PBXBuildFile; fileRef = 6B1388F12983023200960F52 /* AppView.swift */; };
		6B1388F42983024D00960F52 /* AppReducer.swift in Sources */ = {isa = PBXBuildFile; fileRef = 6B1388F32983024D00960F52 /* AppReducer.swift */; };
		6B59D6B829AD25B70072501F /* Comics in Frameworks */ = {isa = PBXBuildFile; productRef = 6B59D6B729AD25B70072501F /* Comics */; };
		6B80DF0529804C15003BD961 /* MarvelApp.swift in Sources */ = {isa = PBXBuildFile; fileRef = 6B80DF0429804C15003BD961 /* MarvelApp.swift */; };
		6B80DF0929804C16003BD961 /* Assets.xcassets in Resources */ = {isa = PBXBuildFile; fileRef = 6B80DF0829804C16003BD961 /* Assets.xcassets */; };
		6B80DF0C29804C16003BD961 /* Preview Assets.xcassets in Resources */ = {isa = PBXBuildFile; fileRef = 6B80DF0B29804C16003BD961 /* Preview Assets.xcassets */; };
		6B8996DB29B4D67A005FEB9F /* Launch Screen.storyboard in Resources */ = {isa = PBXBuildFile; fileRef = 6B8996DA29B4D67A005FEB9F /* Launch Screen.storyboard */; };
		6B8996DD29B4D97F005FEB9F /* LaunchView.swift in Sources */ = {isa = PBXBuildFile; fileRef = 6B8996DC29B4D97F005FEB9F /* LaunchView.swift */; };
		6B8A720F2981A533004DF8B1 /* Marvel-Info.plist in Resources */ = {isa = PBXBuildFile; fileRef = 6B8A720E2981A533004DF8B1 /* Marvel-Info.plist */; };
		6BBBC8FB2984640F00533A84 /* Characters in Frameworks */ = {isa = PBXBuildFile; productRef = 6BBBC8FA2984640F00533A84 /* Characters */; };
		6BBBC8FD2984643A00533A84 /* Common in Frameworks */ = {isa = PBXBuildFile; productRef = 6BBBC8FC2984643A00533A84 /* Common */; };
		6BBBC9012984643A00533A84 /* Series in Frameworks */ = {isa = PBXBuildFile; productRef = 6BBBC9002984643A00533A84 /* Series */; };
		6BBBC9042984645A00533A84 /* ComposableArchitecture in Frameworks */ = {isa = PBXBuildFile; productRef = 6BBBC9032984645A00533A84 /* ComposableArchitecture */; };
		6BBBC9072984646C00533A84 /* Tagged in Frameworks */ = {isa = PBXBuildFile; productRef = 6BBBC9062984646C00533A84 /* Tagged */; };
/* End PBXBuildFile section */

/* Begin PBXFileReference section */
		6B1388F12983023200960F52 /* AppView.swift */ = {isa = PBXFileReference; lastKnownFileType = sourcecode.swift; path = AppView.swift; sourceTree = "<group>"; };
		6B1388F32983024D00960F52 /* AppReducer.swift */ = {isa = PBXFileReference; lastKnownFileType = sourcecode.swift; path = AppReducer.swift; sourceTree = "<group>"; };
		6B211B3129B4D22000A44CB7 /* Info.plist */ = {isa = PBXFileReference; lastKnownFileType = text.plist; path = Info.plist; sourceTree = "<group>"; };
		6B80DF0129804C15003BD961 /* Marvel.app */ = {isa = PBXFileReference; explicitFileType = wrapper.application; includeInIndex = 0; path = Marvel.app; sourceTree = BUILT_PRODUCTS_DIR; };
		6B80DF0429804C15003BD961 /* MarvelApp.swift */ = {isa = PBXFileReference; lastKnownFileType = sourcecode.swift; path = MarvelApp.swift; sourceTree = "<group>"; };
		6B80DF0829804C16003BD961 /* Assets.xcassets */ = {isa = PBXFileReference; lastKnownFileType = folder.assetcatalog; path = Assets.xcassets; sourceTree = "<group>"; };
		6B80DF0B29804C16003BD961 /* Preview Assets.xcassets */ = {isa = PBXFileReference; lastKnownFileType = folder.assetcatalog; path = "Preview Assets.xcassets"; sourceTree = "<group>"; };
		6B8996DA29B4D67A005FEB9F /* Launch Screen.storyboard */ = {isa = PBXFileReference; lastKnownFileType = file.storyboard; path = "Launch Screen.storyboard"; sourceTree = "<group>"; };
		6B8996DC29B4D97F005FEB9F /* LaunchView.swift */ = {isa = PBXFileReference; lastKnownFileType = sourcecode.swift; path = LaunchView.swift; sourceTree = "<group>"; };
		6B8A720E2981A533004DF8B1 /* Marvel-Info.plist */ = {isa = PBXFileReference; lastKnownFileType = text.plist.xml; path = "Marvel-Info.plist"; sourceTree = "<group>"; };
/* End PBXFileReference section */

/* Begin PBXFrameworksBuildPhase section */
		6B80DEFE29804C15003BD961 /* Frameworks */ = {
			isa = PBXFrameworksBuildPhase;
			buildActionMask = 2147483647;
			files = (
				6BBBC9072984646C00533A84 /* Tagged in Frameworks */,
				6BBBC9042984645A00533A84 /* ComposableArchitecture in Frameworks */,
				6B59D6B829AD25B70072501F /* Comics in Frameworks */,
				6BBBC9012984643A00533A84 /* Series in Frameworks */,
				6BBBC8FB2984640F00533A84 /* Characters in Frameworks */,
				6BBBC8FD2984643A00533A84 /* Common in Frameworks */,
				6B0455F12989582200849B99 /* MarvelService in Frameworks */,
			);
			runOnlyForDeploymentPostprocessing = 0;
		};
/* End PBXFrameworksBuildPhase section */

/* Begin PBXGroup section */
		6B1388E92982FA3D00960F52 /* Frameworks */ = {
			isa = PBXGroup;
			children = (
			);
			name = Frameworks;
			sourceTree = "<group>";
		};
		6B1388F0298301C900960F52 /* App */ = {
			isa = PBXGroup;
			children = (
				6B1388F12983023200960F52 /* AppView.swift */,
				6B1388F32983024D00960F52 /* AppReducer.swift */,
			);
			path = App;
			sourceTree = "<group>";
		};
		6B80DEF829804C15003BD961 = {
			isa = PBXGroup;
			children = (
				6B80DF0329804C15003BD961 /* Marvel */,
				6B80DF0229804C15003BD961 /* Products */,
				6B1388E92982FA3D00960F52 /* Frameworks */,
			);
			sourceTree = "<group>";
		};
		6B80DF0229804C15003BD961 /* Products */ = {
			isa = PBXGroup;
			children = (
				6B80DF0129804C15003BD961 /* Marvel.app */,
			);
			name = Products;
			sourceTree = "<group>";
		};
		6B80DF0329804C15003BD961 /* Marvel */ = {
			isa = PBXGroup;
			children = (
				6B80DF0429804C15003BD961 /* MarvelApp.swift */,
				6B1388F0298301C900960F52 /* App */,
				6B8A72102981A5A2004DF8B1 /* Support Files */,
				6B80DF0A29804C16003BD961 /* Preview Content */,
			);
			path = Marvel;
			sourceTree = "<group>";
		};
		6B80DF0A29804C16003BD961 /* Preview Content */ = {
			isa = PBXGroup;
			children = (
				6B80DF0B29804C16003BD961 /* Preview Assets.xcassets */,
			);
			path = "Preview Content";
			sourceTree = "<group>";
		};
		6B8A72102981A5A2004DF8B1 /* Support Files */ = {
			isa = PBXGroup;
			children = (
				6B211B3129B4D22000A44CB7 /* Info.plist */,
				6B80DF0829804C16003BD961 /* Assets.xcassets */,
				6B8A720E2981A533004DF8B1 /* Marvel-Info.plist */,
				6B8996DA29B4D67A005FEB9F /* Launch Screen.storyboard */,
				6B8996DC29B4D97F005FEB9F /* LaunchView.swift */,
			);
			name = "Support Files";
			sourceTree = "<group>";
		};
/* End PBXGroup section */

/* Begin PBXNativeTarget section */
		6B80DF0029804C15003BD961 /* Marvel */ = {
			isa = PBXNativeTarget;
			buildConfigurationList = 6B80DF0F29804C16003BD961 /* Build configuration list for PBXNativeTarget "Marvel" */;
			buildPhases = (
				6B80DEFD29804C15003BD961 /* Sources */,
				6B80DEFE29804C15003BD961 /* Frameworks */,
				6B80DEFF29804C15003BD961 /* Resources */,
			);
			buildRules = (
			);
			dependencies = (
			);
			name = Marvel;
			packageProductDependencies = (
				6BBBC8FA2984640F00533A84 /* Characters */,
				6BBBC8FC2984643A00533A84 /* Common */,
				6BBBC9002984643A00533A84 /* Series */,
				6BBBC9032984645A00533A84 /* ComposableArchitecture */,
				6BBBC9062984646C00533A84 /* Tagged */,
				6B0455F02989582200849B99 /* MarvelService */,
				6B59D6B729AD25B70072501F /* Comics */,
			);
			productName = Marvel;
			productReference = 6B80DF0129804C15003BD961 /* Marvel.app */;
			productType = "com.apple.product-type.application";
		};
/* End PBXNativeTarget section */

/* Begin PBXProject section */
		6B80DEF929804C15003BD961 /* Project object */ = {
			isa = PBXProject;
			attributes = {
				BuildIndependentTargetsInParallel = 1;
				LastSwiftUpdateCheck = 1420;
				LastUpgradeCheck = 1500;
				TargetAttributes = {
					6B80DF0029804C15003BD961 = {
						CreatedOnToolsVersion = 14.2;
					};
				};
			};
			buildConfigurationList = 6B80DEFC29804C15003BD961 /* Build configuration list for PBXProject "Marvel" */;
			compatibilityVersion = "Xcode 14.0";
			developmentRegion = en;
			hasScannedForEncodings = 0;
			knownRegions = (
				en,
				Base,
			);
			mainGroup = 6B80DEF829804C15003BD961;
			packageReferences = (
				6BBBC9022984645A00533A84 /* XCRemoteSwiftPackageReference "swift-composable-architecture" */,
				6BBBC9052984646C00533A84 /* XCRemoteSwiftPackageReference "swift-tagged" */,
			);
			productRefGroup = 6B80DF0229804C15003BD961 /* Products */;
			projectDirPath = "";
			projectRoot = "";
			targets = (
				6B80DF0029804C15003BD961 /* Marvel */,
			);
		};
/* End PBXProject section */

/* Begin PBXResourcesBuildPhase section */
		6B80DEFF29804C15003BD961 /* Resources */ = {
			isa = PBXResourcesBuildPhase;
			buildActionMask = 2147483647;
			files = (
				6B80DF0C29804C16003BD961 /* Preview Assets.xcassets in Resources */,
				6B80DF0929804C16003BD961 /* Assets.xcassets in Resources */,
				6B8996DB29B4D67A005FEB9F /* Launch Screen.storyboard in Resources */,
				6B8A720F2981A533004DF8B1 /* Marvel-Info.plist in Resources */,
			);
			runOnlyForDeploymentPostprocessing = 0;
		};
/* End PBXResourcesBuildPhase section */

/* Begin PBXSourcesBuildPhase section */
		6B80DEFD29804C15003BD961 /* Sources */ = {
			isa = PBXSourcesBuildPhase;
			buildActionMask = 2147483647;
			files = (
				6B80DF0529804C15003BD961 /* MarvelApp.swift in Sources */,
				6B8996DD29B4D97F005FEB9F /* LaunchView.swift in Sources */,
				6B1388F42983024D00960F52 /* AppReducer.swift in Sources */,
				6B1388F22983023200960F52 /* AppView.swift in Sources */,
			);
			runOnlyForDeploymentPostprocessing = 0;
		};
/* End PBXSourcesBuildPhase section */

/* Begin XCBuildConfiguration section */
		6B80DF0D29804C16003BD961 /* Debug */ = {
			isa = XCBuildConfiguration;
			buildSettings = {
				ALWAYS_SEARCH_USER_PATHS = NO;
				CLANG_ANALYZER_NONNULL = YES;
				CLANG_ANALYZER_NUMBER_OBJECT_CONVERSION = YES_AGGRESSIVE;
				CLANG_CXX_LANGUAGE_STANDARD = "gnu++20";
				CLANG_ENABLE_MODULES = YES;
				CLANG_ENABLE_OBJC_ARC = YES;
				CLANG_ENABLE_OBJC_WEAK = YES;
				CLANG_WARN_BLOCK_CAPTURE_AUTORELEASING = YES;
				CLANG_WARN_BOOL_CONVERSION = YES;
				CLANG_WARN_COMMA = YES;
				CLANG_WARN_CONSTANT_CONVERSION = YES;
				CLANG_WARN_DEPRECATED_OBJC_IMPLEMENTATIONS = YES;
				CLANG_WARN_DIRECT_OBJC_ISA_USAGE = YES_ERROR;
				CLANG_WARN_DOCUMENTATION_COMMENTS = YES;
				CLANG_WARN_EMPTY_BODY = YES;
				CLANG_WARN_ENUM_CONVERSION = YES;
				CLANG_WARN_INFINITE_RECURSION = YES;
				CLANG_WARN_INT_CONVERSION = YES;
				CLANG_WARN_NON_LITERAL_NULL_CONVERSION = YES;
				CLANG_WARN_OBJC_IMPLICIT_RETAIN_SELF = YES;
				CLANG_WARN_OBJC_LITERAL_CONVERSION = YES;
				CLANG_WARN_OBJC_ROOT_CLASS = YES_ERROR;
				CLANG_WARN_QUOTED_INCLUDE_IN_FRAMEWORK_HEADER = YES;
				CLANG_WARN_RANGE_LOOP_ANALYSIS = YES;
				CLANG_WARN_STRICT_PROTOTYPES = YES;
				CLANG_WARN_SUSPICIOUS_MOVE = YES;
				CLANG_WARN_UNGUARDED_AVAILABILITY = YES_AGGRESSIVE;
				CLANG_WARN_UNREACHABLE_CODE = YES;
				CLANG_WARN__DUPLICATE_METHOD_MATCH = YES;
				COPY_PHASE_STRIP = NO;
				DEBUG_INFORMATION_FORMAT = dwarf;
				ENABLE_STRICT_OBJC_MSGSEND = YES;
				ENABLE_TESTABILITY = YES;
				ENABLE_USER_SCRIPT_SANDBOXING = YES;
				GCC_C_LANGUAGE_STANDARD = gnu11;
				GCC_DYNAMIC_NO_PIC = NO;
				GCC_NO_COMMON_BLOCKS = YES;
				GCC_OPTIMIZATION_LEVEL = 0;
				GCC_PREPROCESSOR_DEFINITIONS = (
					"DEBUG=1",
					"$(inherited)",
				);
				GCC_WARN_64_TO_32_BIT_CONVERSION = YES;
				GCC_WARN_ABOUT_RETURN_TYPE = YES_ERROR;
				GCC_WARN_UNDECLARED_SELECTOR = YES;
				GCC_WARN_UNINITIALIZED_AUTOS = YES_AGGRESSIVE;
				GCC_WARN_UNUSED_FUNCTION = YES;
				GCC_WARN_UNUSED_VARIABLE = YES;
				IPHONEOS_DEPLOYMENT_TARGET = 16.0;
				MTL_ENABLE_DEBUG_INFO = INCLUDE_SOURCE;
				MTL_FAST_MATH = YES;
				ONLY_ACTIVE_ARCH = YES;
				SDKROOT = iphoneos;
				SWIFT_ACTIVE_COMPILATION_CONDITIONS = DEBUG;
				SWIFT_OPTIMIZATION_LEVEL = "-Onone";
			};
			name = Debug;
		};
		6B80DF0E29804C16003BD961 /* Release */ = {
			isa = XCBuildConfiguration;
			buildSettings = {
				ALWAYS_SEARCH_USER_PATHS = NO;
				CLANG_ANALYZER_NONNULL = YES;
				CLANG_ANALYZER_NUMBER_OBJECT_CONVERSION = YES_AGGRESSIVE;
				CLANG_CXX_LANGUAGE_STANDARD = "gnu++20";
				CLANG_ENABLE_MODULES = YES;
				CLANG_ENABLE_OBJC_ARC = YES;
				CLANG_ENABLE_OBJC_WEAK = YES;
				CLANG_WARN_BLOCK_CAPTURE_AUTORELEASING = YES;
				CLANG_WARN_BOOL_CONVERSION = YES;
				CLANG_WARN_COMMA = YES;
				CLANG_WARN_CONSTANT_CONVERSION = YES;
				CLANG_WARN_DEPRECATED_OBJC_IMPLEMENTATIONS = YES;
				CLANG_WARN_DIRECT_OBJC_ISA_USAGE = YES_ERROR;
				CLANG_WARN_DOCUMENTATION_COMMENTS = YES;
				CLANG_WARN_EMPTY_BODY = YES;
				CLANG_WARN_ENUM_CONVERSION = YES;
				CLANG_WARN_INFINITE_RECURSION = YES;
				CLANG_WARN_INT_CONVERSION = YES;
				CLANG_WARN_NON_LITERAL_NULL_CONVERSION = YES;
				CLANG_WARN_OBJC_IMPLICIT_RETAIN_SELF = YES;
				CLANG_WARN_OBJC_LITERAL_CONVERSION = YES;
				CLANG_WARN_OBJC_ROOT_CLASS = YES_ERROR;
				CLANG_WARN_QUOTED_INCLUDE_IN_FRAMEWORK_HEADER = YES;
				CLANG_WARN_RANGE_LOOP_ANALYSIS = YES;
				CLANG_WARN_STRICT_PROTOTYPES = YES;
				CLANG_WARN_SUSPICIOUS_MOVE = YES;
				CLANG_WARN_UNGUARDED_AVAILABILITY = YES_AGGRESSIVE;
				CLANG_WARN_UNREACHABLE_CODE = YES;
				CLANG_WARN__DUPLICATE_METHOD_MATCH = YES;
				COPY_PHASE_STRIP = NO;
				DEBUG_INFORMATION_FORMAT = "dwarf-with-dsym";
				ENABLE_NS_ASSERTIONS = NO;
				ENABLE_STRICT_OBJC_MSGSEND = YES;
				ENABLE_USER_SCRIPT_SANDBOXING = YES;
				GCC_C_LANGUAGE_STANDARD = gnu11;
				GCC_NO_COMMON_BLOCKS = YES;
				GCC_WARN_64_TO_32_BIT_CONVERSION = YES;
				GCC_WARN_ABOUT_RETURN_TYPE = YES_ERROR;
				GCC_WARN_UNDECLARED_SELECTOR = YES;
				GCC_WARN_UNINITIALIZED_AUTOS = YES_AGGRESSIVE;
				GCC_WARN_UNUSED_FUNCTION = YES;
				GCC_WARN_UNUSED_VARIABLE = YES;
				IPHONEOS_DEPLOYMENT_TARGET = 16.0;
				MTL_ENABLE_DEBUG_INFO = NO;
				MTL_FAST_MATH = YES;
				SDKROOT = iphoneos;
				SWIFT_COMPILATION_MODE = wholemodule;
				SWIFT_OPTIMIZATION_LEVEL = "-O";
				VALIDATE_PRODUCT = YES;
			};
			name = Release;
		};
		6B80DF1029804C16003BD961 /* Debug */ = {
			isa = XCBuildConfiguration;
			buildSettings = {
				ASSETCATALOG_COMPILER_APPICON_NAME = AppIcon;
				ASSETCATALOG_COMPILER_GLOBAL_ACCENT_COLOR_NAME = AccentColor;
				CODE_SIGN_STYLE = Automatic;
				CURRENT_PROJECT_VERSION = 1;
				DEVELOPMENT_ASSET_PATHS = "\"Marvel/Preview Content\"";
				DEVELOPMENT_TEAM = LRU632Y282;
				ENABLE_PREVIEWS = YES;
				GENERATE_INFOPLIST_FILE = YES;
				INFOPLIST_FILE = Marvel/Info.plist;
				INFOPLIST_KEY_LSApplicationCategoryType = "public.app-category.entertainment";
				INFOPLIST_KEY_UIApplicationSupportsIndirectInputEvents = YES;
				INFOPLIST_KEY_UILaunchScreen_Generation = YES;
				INFOPLIST_KEY_UILaunchStoryboardName = "Launch Screen.storyboard";
				INFOPLIST_KEY_UISupportedInterfaceOrientations = UIInterfaceOrientationPortrait;
				INFOPLIST_KEY_UISupportedInterfaceOrientations_iPad = "UIInterfaceOrientationLandscapeLeft UIInterfaceOrientationLandscapeRight UIInterfaceOrientationPortrait UIInterfaceOrientationPortraitUpsideDown";
				LD_RUNPATH_SEARCH_PATHS = (
					"$(inherited)",
					"@executable_path/Frameworks",
				);
				MARKETING_VERSION = 1.0;
				PRODUCT_BUNDLE_IDENTIFIER = com.alexzbirnik.Marvel;
				PRODUCT_NAME = "$(TARGET_NAME)";
				SUPPORTED_PLATFORMS = "iphoneos iphonesimulator";
				SUPPORTS_MACCATALYST = NO;
				SUPPORTS_MAC_DESIGNED_FOR_IPHONE_IPAD = NO;
				SWIFT_EMIT_LOC_STRINGS = YES;
				SWIFT_VERSION = 5.0;
				TARGETED_DEVICE_FAMILY = 1;
			};
			name = Debug;
		};
		6B80DF1129804C16003BD961 /* Release */ = {
			isa = XCBuildConfiguration;
			buildSettings = {
				ASSETCATALOG_COMPILER_APPICON_NAME = AppIcon;
				ASSETCATALOG_COMPILER_GLOBAL_ACCENT_COLOR_NAME = AccentColor;
				CODE_SIGN_STYLE = Automatic;
				CURRENT_PROJECT_VERSION = 1;
				DEVELOPMENT_ASSET_PATHS = "\"Marvel/Preview Content\"";
				DEVELOPMENT_TEAM = LRU632Y282;
				ENABLE_PREVIEWS = YES;
				GENERATE_INFOPLIST_FILE = YES;
				INFOPLIST_FILE = Marvel/Info.plist;
				INFOPLIST_KEY_LSApplicationCategoryType = "public.app-category.entertainment";
				INFOPLIST_KEY_UIApplicationSupportsIndirectInputEvents = YES;
				INFOPLIST_KEY_UILaunchScreen_Generation = YES;
				INFOPLIST_KEY_UILaunchStoryboardName = "Launch Screen.storyboard";
				INFOPLIST_KEY_UISupportedInterfaceOrientations = UIInterfaceOrientationPortrait;
				INFOPLIST_KEY_UISupportedInterfaceOrientations_iPad = "UIInterfaceOrientationLandscapeLeft UIInterfaceOrientationLandscapeRight UIInterfaceOrientationPortrait UIInterfaceOrientationPortraitUpsideDown";
				LD_RUNPATH_SEARCH_PATHS = (
					"$(inherited)",
					"@executable_path/Frameworks",
				);
				MARKETING_VERSION = 1.0;
				PRODUCT_BUNDLE_IDENTIFIER = com.alexzbirnik.Marvel;
				PRODUCT_NAME = "$(TARGET_NAME)";
				SUPPORTED_PLATFORMS = "iphoneos iphonesimulator";
				SUPPORTS_MACCATALYST = NO;
				SUPPORTS_MAC_DESIGNED_FOR_IPHONE_IPAD = NO;
				SWIFT_EMIT_LOC_STRINGS = YES;
				SWIFT_VERSION = 5.0;
				TARGETED_DEVICE_FAMILY = 1;
			};
			name = Release;
		};
/* End XCBuildConfiguration section */

/* Begin XCConfigurationList section */
		6B80DEFC29804C15003BD961 /* Build configuration list for PBXProject "Marvel" */ = {
			isa = XCConfigurationList;
			buildConfigurations = (
				6B80DF0D29804C16003BD961 /* Debug */,
				6B80DF0E29804C16003BD961 /* Release */,
			);
			defaultConfigurationIsVisible = 0;
			defaultConfigurationName = Release;
		};
		6B80DF0F29804C16003BD961 /* Build configuration list for PBXNativeTarget "Marvel" */ = {
			isa = XCConfigurationList;
			buildConfigurations = (
				6B80DF1029804C16003BD961 /* Debug */,
				6B80DF1129804C16003BD961 /* Release */,
			);
			defaultConfigurationIsVisible = 0;
			defaultConfigurationName = Release;
		};
/* End XCConfigurationList section */

/* Begin XCRemoteSwiftPackageReference section */
		6BBBC9022984645A00533A84 /* XCRemoteSwiftPackageReference "swift-composable-architecture" */ = {
			isa = XCRemoteSwiftPackageReference;
			repositoryURL = "https://github.com/pointfreeco/swift-composable-architecture.git";
			requirement = {
				kind = upToNextMajorVersion;
				minimumVersion = 0.9.0;
			};
		};
		6BBBC9052984646C00533A84 /* XCRemoteSwiftPackageReference "swift-tagged" */ = {
			isa = XCRemoteSwiftPackageReference;
			repositoryURL = "https://github.com/pointfreeco/swift-tagged";
			requirement = {
				kind = upToNextMajorVersion;
				minimumVersion = 0.9.0;
			};
		};
/* End XCRemoteSwiftPackageReference section */

/* Begin XCSwiftPackageProductDependency section */
		6B0455F02989582200849B99 /* MarvelService */ = {
			isa = XCSwiftPackageProductDependency;
			productName = MarvelService;
		};
		6B59D6B729AD25B70072501F /* Comics */ = {
			isa = XCSwiftPackageProductDependency;
			productName = Comics;
		};
		6BBBC8FA2984640F00533A84 /* Characters */ = {
			isa = XCSwiftPackageProductDependency;
			productName = Characters;
		};
		6BBBC8FC2984643A00533A84 /* Common */ = {
			isa = XCSwiftPackageProductDependency;
			productName = Common;
		};
		6BBBC9002984643A00533A84 /* Series */ = {
			isa = XCSwiftPackageProductDependency;
			productName = Series;
		};
		6BBBC9032984645A00533A84 /* ComposableArchitecture */ = {
			isa = XCSwiftPackageProductDependency;
			package = 6BBBC9022984645A00533A84 /* XCRemoteSwiftPackageReference "swift-composable-architecture" */;
			productName = ComposableArchitecture;
		};
		6BBBC9062984646C00533A84 /* Tagged */ = {
			isa = XCSwiftPackageProductDependency;
			package = 6BBBC9052984646C00533A84 /* XCRemoteSwiftPackageReference "swift-tagged" */;
			productName = Tagged;
		};
/* End XCSwiftPackageProductDependency section */
	};
	rootObject = 6B80DEF929804C15003BD961 /* Project object */;
}
